
Microsoft Visual Studio Solution File, Format Version 12.00
# Visual Studio Version 16
VisualStudioVersion = 16.0.33920.266
MinimumVisualStudioVersion = 10.0.40219.1
Project("{8BC9CEB8-8B4A-11D0-8D11-00A0C91BC942}") = "Beyer", "Beyer\Beyer.vcxproj", "{2708332A-51C7-418E-AEA3-D6A0BA125964}"
EndProject
Global
	GlobalSection(SolutionConfigurationPlatforms) = preSolution
		Debug|x64 = Debug|x64
		Debug|x86 = Debug|x86
		Release|x64 = Release|x64
		Release|x86 = Release|x86
	EndGlobalSection
	GlobalSection(ProjectConfigurationPlatforms) = postSolution
		{2708332A-51C7-418E-AEA3-D6A0BA125964}.Debug|x64.ActiveCfg = Debug|x64
		{2708332A-51C7-418E-AEA3-D6A0BA125964}.Debug|x64.Build.0 = Debug|x64
		{2708332A-51C7-418E-AEA3-D6A0BA125964}.Debug|x86.ActiveCfg = Debug|Win32
		{2708332A-51C7-418E-AEA3-D6A0BA125964}.Debug|x86.Build.0 = Debug|Win32
		{2708332A-51C7-418E-AEA3-D6A0BA125964}.Release|x64.ActiveCfg = Release|x64
		{2708332A-51C7-418E-AEA3-D6A0BA125964}.Release|x64.Build.0 = Release|x64
		{2708332A-51C7-418E-AEA3-D6A0BA125964}.Release|x86.ActiveCfg = Release|Win32
		{2708332A-51C7-418E-AEA3-D6A0BA125964}.Release|x86.Build.0 = Release|Win32
	EndGlobalSection
	GlobalSection(SolutionProperties) = preSolution
		HideSolutionNode = FALSE
	EndGlobalSection
	GlobalSection(ExtensibilityGlobals) = postSolution
		SolutionGuid = {7CD810F5-CA76-4B8A-92C4-B46D2C0E84ED}
	EndGlobalSection
EndGlobal
